
Microsoft Visual Studio Solution File, Format Version 12.00
# Visual Studio Version 17
VisualStudioVersion = 17.2.32519.379
MinimumVisualStudioVersion = 10.0.40219.1
Project("{FAE04EC0-301F-11D3-BF4B-00C04F79EFBC}") = "Form_Exam", "WindowsFormsApp1\Form_Exam.csproj", "{82337834-AEEE-4759-B367-A2FB7ADC5F74}"
EndProject
Project("{FAE04EC0-301F-11D3-BF4B-00C04F79EFBC}") = "UnitTestProject1", "UnitTestProject1\UnitTestProject1.csproj", "{6DAE467A-300E-491B-8154-758188B8790D}"
EndProject
Global
	GlobalSection(SolutionConfigurationPlatforms) = preSolution
		Debug|Any CPU = Debug|Any CPU
		Release|Any CPU = Release|Any CPU
	EndGlobalSection
	GlobalSection(ProjectConfigurationPlatforms) = postSolution
		{82337834-AEEE-4759-B367-A2FB7ADC5F74}.Debug|Any CPU.ActiveCfg = Debug|Any CPU
		{82337834-AEEE-4759-B367-A2FB7ADC5F74}.Debug|Any CPU.Build.0 = Debug|Any CPU
		{82337834-AEEE-4759-B367-A2FB7ADC5F74}.Release|Any CPU.ActiveCfg = Release|Any CPU
		{82337834-AEEE-4759-B367-A2FB7ADC5F74}.Release|Any CPU.Build.0 = Release|Any CPU
		{6DAE467A-300E-491B-8154-758188B8790D}.Debug|Any CPU.ActiveCfg = Debug|Any CPU
		{6DAE467A-300E-491B-8154-758188B8790D}.Debug|Any CPU.Build.0 = Debug|Any CPU
		{6DAE467A-300E-491B-8154-758188B8790D}.Release|Any CPU.ActiveCfg = Release|Any CPU
		{6DAE467A-300E-491B-8154-758188B8790D}.Release|Any CPU.Build.0 = Release|Any CPU
	EndGlobalSection
	GlobalSection(SolutionProperties) = preSolution
		HideSolutionNode = FALSE
	EndGlobalSection
	GlobalSection(ExtensibilityGlobals) = postSolution
		SolutionGuid = {81FFB07E-7279-4CAE-98FA-E9C288972D3E}
	EndGlobalSection
EndGlobal
